
Microsoft Visual Studio Solution File, Format Version 12.00
# Visual Studio Version 16
VisualStudioVersion = 16.0.29806.167
MinimumVisualStudioVersion = 10.0.40219.1
Project("{FAE04EC0-301F-11D3-BF4B-00C04F79EFBC}") = "Assignment_4", "Assignment_4\Assignment_4.csproj", "{15A672CC-7365-48B7-BFAA-CD2A32F1CDFF}"
EndProject
Global
	GlobalSection(SolutionConfigurationPlatforms) = preSolution
		Debug|Any CPU = Debug|Any CPU
		Release|Any CPU = Release|Any CPU
	EndGlobalSection
	GlobalSection(ProjectConfigurationPlatforms) = postSolution
		{15A672CC-7365-48B7-BFAA-CD2A32F1CDFF}.Debug|Any CPU.ActiveCfg = Debug|Any CPU
		{15A672CC-7365-48B7-BFAA-CD2A32F1CDFF}.Debug|Any CPU.Build.0 = Debug|Any CPU
		{15A672CC-7365-48B7-BFAA-CD2A32F1CDFF}.Release|Any CPU.ActiveCfg = Release|Any CPU
		{15A672CC-7365-48B7-BFAA-CD2A32F1CDFF}.Release|Any CPU.Build.0 = Release|Any CPU
	EndGlobalSection
	GlobalSection(SolutionProperties) = preSolution
		HideSolutionNode = FALSE
	EndGlobalSection
	GlobalSection(ExtensibilityGlobals) = postSolution
		SolutionGuid = {8FF93728-6156-47A8-9D56-4D18AA466A27}
	EndGlobalSection
EndGlobal
